
Microsoft Visual Studio Solution File, Format Version 12.00
# Visual Studio Version 17
VisualStudioVersion = 17.0.31912.275
MinimumVisualStudioVersion = 10.0.40219.1
Project("{2150E333-8FDC-42A3-9474-1A3956D46DE8}") = "src", "src", "{106AE906-5075-410A-B941-912F811848EE}"
EndProject
Project("{2150E333-8FDC-42A3-9474-1A3956D46DE8}") = "01-Presentation", "01-Presentation", "{97E78858-85D3-4FA0-A959-D4E0A8DF04F4}"
EndProject
Project("{2150E333-8FDC-42A3-9474-1A3956D46DE8}") = "02-Application", "02-Application", "{E6AE5762-D09E-4ACC-99C2-E21B1232BFCD}"
EndProject
Project("{2150E333-8FDC-42A3-9474-1A3956D46DE8}") = "04-Infrastructure", "04-Infrastructure", "{24150FFA-A088-48BB-BA94-8E103937ABB0}"
EndProject
Project("{2150E333-8FDC-42A3-9474-1A3956D46DE8}") = "03-Domain", "03-Domain", "{F812067A-D62A-4930-9B3C-DAE65EA641F7}"
EndProject
Project("{9A19103F-16F7-4668-BE54-9A1E7A4F7556}") = "WebAPI", "src\WebAPI\WebAPI.csproj", "{D2A23A79-2FBA-48FA-B595-297602AF919C}"
	ProjectSection(ProjectDependencies) = postProject
		{BA0FE36A-D9D4-49DF-A48B-E11D6C35E30D} = {BA0FE36A-D9D4-49DF-A48B-E11D6C35E30D}
		{A555D6A9-89A0-4089-915D-40D2239F6028} = {A555D6A9-89A0-4089-915D-40D2239F6028}
		{93856FE0-66AF-44D2-8171-00606F3CA1BC} = {93856FE0-66AF-44D2-8171-00606F3CA1BC}
	EndProjectSection
EndProject
Project("{9A19103F-16F7-4668-BE54-9A1E7A4F7556}") = "Class", "src\Class\Class.csproj", "{A555D6A9-89A0-4089-915D-40D2239F6028}"
EndProject
Project("{9A19103F-16F7-4668-BE54-9A1E7A4F7556}") = "Core", "src\Core\Core.csproj", "{EBF516D6-E6C3-47BE-B768-EB48388198DE}"
	ProjectSection(ProjectDependencies) = postProject
		{A555D6A9-89A0-4089-915D-40D2239F6028} = {A555D6A9-89A0-4089-915D-40D2239F6028}
		{93856FE0-66AF-44D2-8171-00606F3CA1BC} = {93856FE0-66AF-44D2-8171-00606F3CA1BC}
	EndProjectSection
EndProject
Project("{9A19103F-16F7-4668-BE54-9A1E7A4F7556}") = "Infrastructure", "src\Infrastructure\Infrastructure.csproj", "{BA0FE36A-D9D4-49DF-A48B-E11D6C35E30D}"
	ProjectSection(ProjectDependencies) = postProject
		{EBF516D6-E6C3-47BE-B768-EB48388198DE} = {EBF516D6-E6C3-47BE-B768-EB48388198DE}
		{93856FE0-66AF-44D2-8171-00606F3CA1BC} = {93856FE0-66AF-44D2-8171-00606F3CA1BC}
	EndProjectSection
EndProject
Project("{9A19103F-16F7-4668-BE54-9A1E7A4F7556}") = "SharedKernel", "src\SharedKernel\SharedKernel.csproj", "{93856FE0-66AF-44D2-8171-00606F3CA1BC}"
EndProject
Global
	GlobalSection(SolutionConfigurationPlatforms) = preSolution
		Debug|Any CPU = Debug|Any CPU
		Debug|x64 = Debug|x64
		Debug|x86 = Debug|x86
		Release|Any CPU = Release|Any CPU
		Release|x64 = Release|x64
		Release|x86 = Release|x86
	EndGlobalSection
	GlobalSection(ProjectConfigurationPlatforms) = postSolution
		{D2A23A79-2FBA-48FA-B595-297602AF919C}.Debug|Any CPU.ActiveCfg = Debug|Any CPU
		{D2A23A79-2FBA-48FA-B595-297602AF919C}.Debug|Any CPU.Build.0 = Debug|Any CPU
		{D2A23A79-2FBA-48FA-B595-297602AF919C}.Debug|x64.ActiveCfg = Debug|Any CPU
		{D2A23A79-2FBA-48FA-B595-297602AF919C}.Debug|x64.Build.0 = Debug|Any CPU
		{D2A23A79-2FBA-48FA-B595-297602AF919C}.Debug|x86.ActiveCfg = Debug|Any CPU
		{D2A23A79-2FBA-48FA-B595-297602AF919C}.Debug|x86.Build.0 = Debug|Any CPU
		{D2A23A79-2FBA-48FA-B595-297602AF919C}.Release|Any CPU.ActiveCfg = Release|Any CPU
		{D2A23A79-2FBA-48FA-B595-297602AF919C}.Release|Any CPU.Build.0 = Release|Any CPU
		{D2A23A79-2FBA-48FA-B595-297602AF919C}.Release|x64.ActiveCfg = Release|Any CPU
		{D2A23A79-2FBA-48FA-B595-297602AF919C}.Release|x64.Build.0 = Release|Any CPU
		{D2A23A79-2FBA-48FA-B595-297602AF919C}.Release|x86.ActiveCfg = Release|Any CPU
		{D2A23A79-2FBA-48FA-B595-297602AF919C}.Release|x86.Build.0 = Release|Any CPU
		{A555D6A9-89A0-4089-915D-40D2239F6028}.Debug|Any CPU.ActiveCfg = Debug|Any CPU
		{A555D6A9-89A0-4089-915D-40D2239F6028}.Debug|Any CPU.Build.0 = Debug|Any CPU
		{A555D6A9-89A0-4089-915D-40D2239F6028}.Debug|x64.ActiveCfg = Debug|Any CPU
		{A555D6A9-89A0-4089-915D-40D2239F6028}.Debug|x64.Build.0 = Debug|Any CPU
		{A555D6A9-89A0-4089-915D-40D2239F6028}.Debug|x86.ActiveCfg = Debug|Any CPU
		{A555D6A9-89A0-4089-915D-40D2239F6028}.Debug|x86.Build.0 = Debug|Any CPU
		{A555D6A9-89A0-4089-915D-40D2239F6028}.Release|Any CPU.ActiveCfg = Release|Any CPU
		{A555D6A9-89A0-4089-915D-40D2239F6028}.Release|Any CPU.Build.0 = Release|Any CPU
		{A555D6A9-89A0-4089-915D-40D2239F6028}.Release|x64.ActiveCfg = Release|Any CPU
		{A555D6A9-89A0-4089-915D-40D2239F6028}.Release|x64.Build.0 = Release|Any CPU
		{A555D6A9-89A0-4089-915D-40D2239F6028}.Release|x86.ActiveCfg = Release|Any CPU
		{A555D6A9-89A0-4089-915D-40D2239F6028}.Release|x86.Build.0 = Release|Any CPU
		{EBF516D6-E6C3-47BE-B768-EB48388198DE}.Debug|Any CPU.ActiveCfg = Debug|Any CPU
		{EBF516D6-E6C3-47BE-B768-EB48388198DE}.Debug|Any CPU.Build.0 = Debug|Any CPU
		{EBF516D6-E6C3-47BE-B768-EB48388198DE}.Debug|x64.ActiveCfg = Debug|Any CPU
		{EBF516D6-E6C3-47BE-B768-EB48388198DE}.Debug|x64.Build.0 = Debug|Any CPU
		{EBF516D6-E6C3-47BE-B768-EB48388198DE}.Debug|x86.ActiveCfg = Debug|Any CPU
		{EBF516D6-E6C3-47BE-B768-EB48388198DE}.Debug|x86.Build.0 = Debug|Any CPU
		{EBF516D6-E6C3-47BE-B768-EB48388198DE}.Release|Any CPU.ActiveCfg = Release|Any CPU
		{EBF516D6-E6C3-47BE-B768-EB48388198DE}.Release|Any CPU.Build.0 = Release|Any CPU
		{EBF516D6-E6C3-47BE-B768-EB48388198DE}.Release|x64.ActiveCfg = Release|Any CPU
		{EBF516D6-E6C3-47BE-B768-EB48388198DE}.Release|x64.Build.0 = Release|Any CPU
		{EBF516D6-E6C3-47BE-B768-EB48388198DE}.Release|x86.ActiveCfg = Release|Any CPU
		{EBF516D6-E6C3-47BE-B768-EB48388198DE}.Release|x86.Build.0 = Release|Any CPU
		{BA0FE36A-D9D4-49DF-A48B-E11D6C35E30D}.Debug|Any CPU.ActiveCfg = Debug|Any CPU
		{BA0FE36A-D9D4-49DF-A48B-E11D6C35E30D}.Debug|Any CPU.Build.0 = Debug|Any CPU
		{BA0FE36A-D9D4-49DF-A48B-E11D6C35E30D}.Debug|x64.ActiveCfg = Debug|Any CPU
		{BA0FE36A-D9D4-49DF-A48B-E11D6C35E30D}.Debug|x64.Build.0 = Debug|Any CPU
		{BA0FE36A-D9D4-49DF-A48B-E11D6C35E30D}.Debug|x86.ActiveCfg = Debug|Any CPU
		{BA0FE36A-D9D4-49DF-A48B-E11D6C35E30D}.Debug|x86.Build.0 = Debug|Any CPU
		{BA0FE36A-D9D4-49DF-A48B-E11D6C35E30D}.Release|Any CPU.ActiveCfg = Release|Any CPU
		{BA0FE36A-D9D4-49DF-A48B-E11D6C35E30D}.Release|Any CPU.Build.0 = Release|Any CPU
		{BA0FE36A-D9D4-49DF-A48B-E11D6C35E30D}.Release|x64.ActiveCfg = Release|Any CPU
		{BA0FE36A-D9D4-49DF-A48B-E11D6C35E30D}.Release|x64.Build.0 = Release|Any CPU
		{BA0FE36A-D9D4-49DF-A48B-E11D6C35E30D}.Release|x86.ActiveCfg = Release|Any CPU
		{BA0FE36A-D9D4-49DF-A48B-E11D6C35E30D}.Release|x86.Build.0 = Release|Any CPU
		{93856FE0-66AF-44D2-8171-00606F3CA1BC}.Debug|Any CPU.ActiveCfg = Debug|Any CPU
		{93856FE0-66AF-44D2-8171-00606F3CA1BC}.Debug|Any CPU.Build.0 = Debug|Any CPU
		{93856FE0-66AF-44D2-8171-00606F3CA1BC}.Debug|x64.ActiveCfg = Debug|Any CPU
		{93856FE0-66AF-44D2-8171-00606F3CA1BC}.Debug|x64.Build.0 = Debug|Any CPU
		{93856FE0-66AF-44D2-8171-00606F3CA1BC}.Debug|x86.ActiveCfg = Debug|Any CPU
		{93856FE0-66AF-44D2-8171-00606F3CA1BC}.Debug|x86.Build.0 = Debug|Any CPU
		{93856FE0-66AF-44D2-8171-00606F3CA1BC}.Release|Any CPU.ActiveCfg = Release|Any CPU
		{93856FE0-66AF-44D2-8171-00606F3CA1BC}.Release|Any CPU.Build.0 = Release|Any CPU
		{93856FE0-66AF-44D2-8171-00606F3CA1BC}.Release|x64.ActiveCfg = Release|Any CPU
		{93856FE0-66AF-44D2-8171-00606F3CA1BC}.Release|x64.Build.0 = Release|Any CPU
		{93856FE0-66AF-44D2-8171-00606F3CA1BC}.Release|x86.ActiveCfg = Release|Any CPU
		{93856FE0-66AF-44D2-8171-00606F3CA1BC}.Release|x86.Build.0 = Release|Any CPU
	EndGlobalSection
	GlobalSection(SolutionProperties) = preSolution
		HideSolutionNode = FALSE
	EndGlobalSection
	GlobalSection(NestedProjects) = preSolution
		{97E78858-85D3-4FA0-A959-D4E0A8DF04F4} = {106AE906-5075-410A-B941-912F811848EE}
		{E6AE5762-D09E-4ACC-99C2-E21B1232BFCD} = {106AE906-5075-410A-B941-912F811848EE}
		{24150FFA-A088-48BB-BA94-8E103937ABB0} = {106AE906-5075-410A-B941-912F811848EE}
		{F812067A-D62A-4930-9B3C-DAE65EA641F7} = {106AE906-5075-410A-B941-912F811848EE}
		{D2A23A79-2FBA-48FA-B595-297602AF919C} = {97E78858-85D3-4FA0-A959-D4E0A8DF04F4}
		{A555D6A9-89A0-4089-915D-40D2239F6028} = {E6AE5762-D09E-4ACC-99C2-E21B1232BFCD}
		{EBF516D6-E6C3-47BE-B768-EB48388198DE} = {F812067A-D62A-4930-9B3C-DAE65EA641F7}
		{BA0FE36A-D9D4-49DF-A48B-E11D6C35E30D} = {24150FFA-A088-48BB-BA94-8E103937ABB0}
		{93856FE0-66AF-44D2-8171-00606F3CA1BC} = {24150FFA-A088-48BB-BA94-8E103937ABB0}
	EndGlobalSection
	GlobalSection(ExtensibilityGlobals) = postSolution
		SolutionGuid = {B0F19343-8185-4A9F-9165-0EA8544BC925}
	EndGlobalSection
EndGlobal
